
Microsoft Visual Studio Solution File, Format Version 12.00
# Visual Studio 15
VisualStudioVersion = 15.0.28307.539
MinimumVisualStudioVersion = 10.0.40219.1
Project("{FAE04EC0-301F-11D3-BF4B-00C04F79EFBC}") = "FormsApp", "FormsApp\FormsApp.csproj", "{E0E4FCCC-2B3E-4666-915A-8EB8A093FE40}"
EndProject
Project("{FAE04EC0-301F-11D3-BF4B-00C04F79EFBC}") = "WPFProject", "WPFProject\WPFProject.csproj", "{A78FBDF1-E42C-48C9-9EE6-A1EB273D3E6C}"
EndProject
Project("{FAE04EC0-301F-11D3-BF4B-00C04F79EFBC}") = "WPFApplication", "WPFApplication\WPFApplication.csproj", "{5D07805C-676D-424A-B053-A6B48929BEB0}"
EndProject
Global
	GlobalSection(SolutionConfigurationPlatforms) = preSolution
		Debug|Any CPU = Debug|Any CPU
		Release|Any CPU = Release|Any CPU
	EndGlobalSection
	GlobalSection(ProjectConfigurationPlatforms) = postSolution
		{E0E4FCCC-2B3E-4666-915A-8EB8A093FE40}.Debug|Any CPU.ActiveCfg = Debug|Any CPU
		{E0E4FCCC-2B3E-4666-915A-8EB8A093FE40}.Debug|Any CPU.Build.0 = Debug|Any CPU
		{E0E4FCCC-2B3E-4666-915A-8EB8A093FE40}.Release|Any CPU.ActiveCfg = Release|Any CPU
		{E0E4FCCC-2B3E-4666-915A-8EB8A093FE40}.Release|Any CPU.Build.0 = Release|Any CPU
		{A78FBDF1-E42C-48C9-9EE6-A1EB273D3E6C}.Debug|Any CPU.ActiveCfg = Debug|Any CPU
		{A78FBDF1-E42C-48C9-9EE6-A1EB273D3E6C}.Debug|Any CPU.Build.0 = Debug|Any CPU
		{A78FBDF1-E42C-48C9-9EE6-A1EB273D3E6C}.Release|Any CPU.ActiveCfg = Release|Any CPU
		{A78FBDF1-E42C-48C9-9EE6-A1EB273D3E6C}.Release|Any CPU.Build.0 = Release|Any CPU
		{5D07805C-676D-424A-B053-A6B48929BEB0}.Debug|Any CPU.ActiveCfg = Debug|Any CPU
		{5D07805C-676D-424A-B053-A6B48929BEB0}.Debug|Any CPU.Build.0 = Debug|Any CPU
		{5D07805C-676D-424A-B053-A6B48929BEB0}.Release|Any CPU.ActiveCfg = Release|Any CPU
		{5D07805C-676D-424A-B053-A6B48929BEB0}.Release|Any CPU.Build.0 = Release|Any CPU
	EndGlobalSection
	GlobalSection(SolutionProperties) = preSolution
		HideSolutionNode = FALSE
	EndGlobalSection
	GlobalSection(ExtensibilityGlobals) = postSolution
		SolutionGuid = {50BD0C28-F27B-4480-91E4-DA155B0AEA92}
	EndGlobalSection
EndGlobal
